{
    "_readme": [
        "This file locks the dependencies of your project to a known state",
        "Read more about it at https://getcomposer.org/doc/01-basic-usage.md#composer-lock-the-lock-file",
        "This file is @generated automatically"
    ],
    "content-hash": "e67375d3b7eafed192271a104ca73e38",
    "packages": [
        {
            "name": "league/commonmark",
            "version": "1.0.0",
            "source": {
                "type": "git",
                "url": "https://github.com/thephpleague/commonmark.git",
                "reference": "7a40f2b0931602c504c2a9692d9f1e33635fd5ef"
            },
            "dist": {
                "type": "zip",
                "url": "https://api.github.com/repos/thephpleague/commonmark/zipball/7a40f2b0931602c504c2a9692d9f1e33635fd5ef",
                "reference": "7a40f2b0931602c504c2a9692d9f1e33635fd5ef",
                "shasum": "",
                "mirrors": [
                    {
                        "url": "https://mirrors.aliyun.com/composer/dists/%package%/%reference%.%type%",
                        "preferred": true
                    }
                ]
            },
            "require": {
                "ext-mbstring": "*",
                "php": "^7.1"
            },
            "replace": {
                "colinodell/commonmark-php": "*"
            },
            "require-dev": {
                "cebe/markdown": "~1.0",
                "commonmark/commonmark.js": "0.29.0",
                "erusev/parsedown": "~1.0",
                "michelf/php-markdown": "~1.4",
                "mikehaertl/php-shellcommand": "^1.4",
                "phpstan/phpstan-shim": "^0.11.5",
                "phpunit/phpunit": "^7.5",
                "scrutinizer/ocular": "^1.5",
                "symfony/finder": "^4.2"
            },
            "suggest": {
                "league/commonmark-extras": "Library of useful extensions including smart punctuation"
            },
            "bin": [
                "bin/commonmark"
            ],
            "type": "library",
            "extra": {
                "branch-alias": {
                    "dev-master": "1.1-dev"
                }
            },
            "autoload": {
                "psr-4": {
                    "League\\CommonMark\\": "src"
                }
            },
            "notification-url": "https://packagist.org/downloads/",
            "license": [
                "BSD-3-Clause"
            ],
            "authors": [
                {
                    "name": "Colin O'Dell",
                    "email": "colinodell@gmail.com",
                    "homepage": "https://www.colinodell.com",
                    "role": "Lead Developer"
                }
            ],
            "description": "PHP Markdown parser based on the CommonMark spec",
            "homepage": "https://commonmark.thephpleague.com",
            "keywords": [
                "commonmark",
                "markdown",
                "parser"
            ],
            "time": "2019-06-29T11:19:01+00:00"
        },
        {
            "name": "league/commonmark-ext-autolink",
            "version": "v1.0.0",
            "source": {
                "type": "git",
                "url": "https://github.com/thephpleague/commonmark-ext-autolink.git",
                "reference": "9f6da88485412b1c37a982c9fee8f4fbc2fa5ade"
            },
            "dist": {
                "type": "zip",
                "url": "https://api.github.com/repos/thephpleague/commonmark-ext-autolink/zipball/9f6da88485412b1c37a982c9fee8f4fbc2fa5ade",
                "reference": "9f6da88485412b1c37a982c9fee8f4fbc2fa5ade",
                "shasum": "",
                "mirrors": [
                    {
                        "url": "https://mirrors.aliyun.com/composer/dists/%package%/%reference%.%type%",
                        "preferred": true
                    }
                ]
            },
            "require": {
                "league/commonmark": "^1.0",
                "php": "^7.1"
            },
            "require-dev": {
                "phpunit/phpunit": "^7.5"
            },
            "type": "commonmark-extension",
            "extra": {
                "branch-alias": {
                    "dev-master": "1.1-dev"
                }
            },
            "autoload": {
                "psr-4": {
                    "League\\CommonMark\\Ext\\Autolink\\": "src"
                }
            },
            "notification-url": "https://packagist.org/downloads/",
            "license": [
                "BSD-3-Clause"
            ],
            "authors": [
                {
                    "name": "Colin O'Dell",
                    "role": "Lead Developer",
                    "email": "colinodell@gmail.com",
                    "homepage": "https://www.colinodell.com"
                }
            ],
            "description": "Extension for league/commonmark which autolinks URLs, emails, and @-mentions",
            "homepage": "https://github.com/thephpleague/commonmark-ext-autolink",
            "keywords": [
                "autolink",
                "commonmark",
                "extension",
                "gfm",
                "github",
                "markdown",
                "twitter"
            ],
            "time": "2019-06-29T11:23:54+00:00"
        },
        {
            "name": "league/commonmark-ext-smartpunct",
            "version": "v1.0.0",
            "source": {
                "type": "git",
                "url": "https://github.com/thephpleague/commonmark-ext-smartpunct.git",
                "reference": "46a5c80ca67ec4077ed4bb563b7978f35c02efbd"
            },
            "dist": {
                "type": "zip",
                "url": "https://api.github.com/repos/thephpleague/commonmark-ext-smartpunct/zipball/46a5c80ca67ec4077ed4bb563b7978f35c02efbd",
                "reference": "46a5c80ca67ec4077ed4bb563b7978f35c02efbd",
                "shasum": "",
                "mirrors": [
                    {
                        "url": "https://mirrors.aliyun.com/composer/dists/%package%/%reference%.%type%",
                        "preferred": true
                    }
                ]
            },
            "require": {
                "league/commonmark": "^1.0",
                "php": "^7.1"
            },
            "require-dev": {
                "jgm/smartpunct": "0.29",
                "phpunit/phpunit": "^7.5"
            },
            "type": "commonmark-extension",
            "extra": {
                "branch-alias": {
                    "dev-master": "1.1-dev"
                }
            },
            "autoload": {
                "psr-4": {
                    "League\\CommonMark\\Ext\\SmartPunct\\": "src"
                }
            },
            "notification-url": "https://packagist.org/downloads/",
            "license": [
                "BSD-3-Clause"
            ],
            "authors": [
                {
                    "name": "Colin O'Dell",
                    "role": "Lead Developer",
                    "email": "colinodell@gmail.com",
                    "homepage": "https://www.colinodell.com"
                }
            ],
            "description": "Intelligently converts ASCII quotes, dashes, and ellipses in Markdown to their Unicode equivalents",
            "homepage": "https://github.com/thephpleague/commonmark-ext-smartpunct",
            "keywords": [
                "commonmark",
                "extension",
                "markdown",
                "punctuation",
                "smartpunct"
            ],
            "time": "2019-06-29T11:31:45+00:00"
        },
        {
            "name": "league/commonmark-ext-strikethrough",
            "version": "v1.0.0",
            "source": {
                "type": "git",
                "url": "https://github.com/thephpleague/commonmark-ext-strikethrough.git",
                "reference": "99892ad549e101fe1fbe424ff71224efc32d2d68"
            },
            "dist": {
                "type": "zip",
                "url": "https://api.github.com/repos/thephpleague/commonmark-ext-strikethrough/zipball/99892ad549e101fe1fbe424ff71224efc32d2d68",
                "reference": "99892ad549e101fe1fbe424ff71224efc32d2d68",
                "shasum": "",
                "mirrors": [
                    {
                        "url": "https://mirrors.aliyun.com/composer/dists/%package%/%reference%.%type%",
                        "preferred": true
                    }
                ]
            },
            "require": {
                "ext-mbstring": "*",
                "league/commonmark": "^1.0",
                "php": "^7.1"
            },
            "replace": {
                "uafrica/commonmark-ext": ">=0.1.1"
            },
            "require-dev": {
                "phpunit/phpunit": "^7.5"
            },
            "type": "commonmark-extension",
            "extra": {
                "branch-alias": {
                    "dev-master": "1.1-dev"
                }
            },
            "autoload": {
                "psr-4": {
                    "League\\CommonMark\\Ext\\Strikethrough\\": "src/"
                }
            },
            "notification-url": "https://packagist.org/downloads/",
            "license": [
                "MIT"
            ],
            "authors": [
                {
                    "name": "Colin O'Dell",
                    "email": "colinodell@gmail.com"
                },
                {
                    "name": "Johan Meiring",
                    "email": "johan@uafrica.com"
                }
            ],
            "description": "Strikethrough support for the PHP League's CommonMark Markdown parser",
            "homepage": "https://github.com/thephpleague/commonmark-ext-strikethrough",
            "keywords": [
                "commonmark",
                "extension",
                "markdown",
                "strikeout",
                "strikethrough"
            ],
            "time": "2019-06-29T11:34:00+00:00"
        },
        {
            "name": "league/commonmark-ext-table",
            "version": "v2.0.0",
            "source": {
                "type": "git",
                "url": "https://github.com/thephpleague/commonmark-ext-table.git",
                "reference": "4bb680b784bd6c04b5cb7a6335eb66b6609a7b8d"
            },
            "dist": {
                "type": "zip",
                "url": "https://api.github.com/repos/thephpleague/commonmark-ext-table/zipball/4bb680b784bd6c04b5cb7a6335eb66b6609a7b8d",
                "reference": "4bb680b784bd6c04b5cb7a6335eb66b6609a7b8d",
                "shasum": "",
                "mirrors": [
                    {
                        "url": "https://mirrors.aliyun.com/composer/dists/%package%/%reference%.%type%",
                        "preferred": true
                    }
                ]
            },
            "require": {
                "league/commonmark": "~0.19.3|^1.0",
                "php": "^7.1"
            },
            "require-dev": {
                "friendsofphp/php-cs-fixer": "^2.14",
                "phpstan/phpstan": "~0.11",
                "phpunit/phpunit": "^7.0|^8.0",
                "symfony/var-dumper": "^4.0",
                "vimeo/psalm": "^3.0"
            },
            "type": "commonmark-extension",
            "extra": {
                "branch-alias": {
                    "dev-master": "2.1-dev"
                }
            },
            "autoload": {
                "psr-4": {
                    "League\\CommonMark\\Ext\\Table\\": "src"
                }
            },
            "notification-url": "https://packagist.org/downloads/",
            "license": [
                "MIT"
            ],
            "authors": [
                {
                    "name": "Martin Hasoň",
                    "email": "martin.hason@gmail.com"
                },
                {
                    "name": "Webuni s.r.o.",
                    "homepage": "https://www.webuni.cz"
                },
                {
                    "name": "Colin O'Dell",
                    "email": "colinodell@gmail.com",
                    "homepage": "https://www.colinodell.com"
                }
            ],
            "description": "Table extension for league/commonmark",
            "homepage": "https://github.com/thephpleague/commonmark-ext-table",
            "keywords": [
                "commonmark",
                "extension",
                "markdown",
                "table"
            ],
            "time": "2019-07-13T11:43:25+00:00"
        },
        {
            "name": "league/commonmark-ext-task-list",
            "version": "v1.0.1",
            "source": {
                "type": "git",
                "url": "https://github.com/thephpleague/commonmark-ext-task-list.git",
                "reference": "9fe28f3527ab913b60d44bdc8d66829733cad7c6"
            },
            "dist": {
                "type": "zip",
                "url": "https://api.github.com/repos/thephpleague/commonmark-ext-task-list/zipball/9fe28f3527ab913b60d44bdc8d66829733cad7c6",
                "reference": "9fe28f3527ab913b60d44bdc8d66829733cad7c6",
                "shasum": "",
                "mirrors": [
                    {
                        "url": "https://mirrors.aliyun.com/composer/dists/%package%/%reference%.%type%",
                        "preferred": true
                    }
                ]
            },
            "require": {
                "league/commonmark": "^0.19|^1.0",
                "php": "^7.1"
            },
            "require-dev": {
                "phpunit/phpunit": "^7.5"
            },
            "type": "commonmark-extension",
            "extra": {
                "branch-alias": {
                    "dev-master": "1.1-dev"
                }
            },
            "autoload": {
                "psr-4": {
                    "League\\CommonMark\\Ext\\TaskList\\": "src"
                }
            },
            "notification-url": "https://packagist.org/downloads/",
            "license": [
                "BSD-3-Clause"
            ],
            "authors": [
                {
                    "name": "Colin O'Dell",
                    "email": "colinodell@gmail.com",
                    "homepage": "https://www.colinodell.com",
                    "role": "Lead Developer"
                }
            ],
            "description": "Extension for league/commonmark which supports GFM-style task lists",
            "homepage": "https://github.com/thephpleague/commonmark-ext-task-list",
            "keywords": [
                "Lists",
                "commonmark",
                "extension",
                "gfm",
                "github",
                "markdown",
                "task"
            ],
            "time": "2019-07-11T00:35:13+00:00"
        },
        {
            "name": "league/commonmark-extras",
            "version": "1.1.0",
            "source": {
                "type": "git",
                "url": "https://github.com/thephpleague/commonmark-extras.git",
                "reference": "4947edfb292d6f38b309cd63c64d7b08558df315"
            },
            "dist": {
                "type": "zip",
                "url": "https://api.github.com/repos/thephpleague/commonmark-extras/zipball/4947edfb292d6f38b309cd63c64d7b08558df315",
                "reference": "4947edfb292d6f38b309cd63c64d7b08558df315",
                "shasum": "",
                "mirrors": [
                    {
                        "url": "https://mirrors.aliyun.com/composer/dists/%package%/%reference%.%type%",
                        "preferred": true
                    }
                ]
            },
            "require": {
                "league/commonmark": "^1.0",
                "league/commonmark-ext-autolink": "^1.0",
                "league/commonmark-ext-smartpunct": "^1.0",
                "league/commonmark-ext-strikethrough": "^1.0",
                "league/commonmark-ext-table": "^2.0",
                "league/commonmark-ext-task-list": "^1.0",
                "php": "^7.1"
            },
            "require-dev": {
                "phpunit/phpunit": "^7.5"
            },
            "type": "commonmark-extension",
            "extra": {
                "branch-alias": {
                    "dev-master": "1.2-dev"
                }
            },
            "autoload": {
                "psr-4": {
                    "League\\CommonMark\\Extras\\": "src"
                }
            },
            "notification-url": "https://packagist.org/downloads/",
            "license": [
                "BSD-3-Clause"
            ],
            "authors": [
                {
                    "name": "Colin O'Dell",
                    "email": "colinodell@gmail.com",
                    "homepage": "https://www.colinodell.com",
                    "role": "Lead Developer"
                }
            ],
            "description": "Useful extensions for customizing the league/commonmark Markdown parser",
            "homepage": "https://github.com/thephpleague/commonmark-extras",
            "keywords": [
                "Extras",
                "commonmark",
                "extensions",
                "gfm",
                "markdown"
            ],
            "time": "2019-07-13T11:56:05+00:00"
        },
        {
            "name": "symfony/polyfill-ctype",
            "version": "v1.11.0",
            "source": {
                "type": "git",
                "url": "https://github.com/symfony/polyfill-ctype.git",
                "reference": "82ebae02209c21113908c229e9883c419720738a"
            },
            "dist": {
                "type": "zip",
                "url": "https://api.github.com/repos/symfony/polyfill-ctype/zipball/82ebae02209c21113908c229e9883c419720738a",
                "reference": "82ebae02209c21113908c229e9883c419720738a",
                "shasum": "",
                "mirrors": [
                    {
                        "url": "https://mirrors.aliyun.com/composer/dists/%package%/%reference%.%type%",
                        "preferred": true
                    }
                ]
            },
            "require": {
                "php": ">=5.3.3"
            },
            "suggest": {
                "ext-ctype": "For best performance"
            },
            "type": "library",
            "extra": {
                "branch-alias": {
                    "dev-master": "1.11-dev"
                }
            },
            "autoload": {
                "psr-4": {
                    "Symfony\\Polyfill\\Ctype\\": ""
                },
                "files": [
                    "bootstrap.php"
                ]
            },
            "notification-url": "https://packagist.org/downloads/",
            "license": [
                "MIT"
            ],
            "authors": [
                {
                    "name": "Symfony Community",
                    "homepage": "https://symfony.com/contributors"
                },
                {
                    "name": "Gert de Pagter",
                    "email": "BackEndTea@gmail.com"
                }
            ],
            "description": "Symfony polyfill for ctype functions",
            "homepage": "https://symfony.com",
            "keywords": [
                "compatibility",
                "ctype",
                "polyfill",
                "portable"
            ],
            "time": "2019-02-06T07:57:58+00:00"
        },
        {
            "name": "symfony/yaml",
            "version": "v4.3.3",
            "source": {
                "type": "git",
                "url": "https://github.com/symfony/yaml.git",
                "reference": "34d29c2acd1ad65688f58452fd48a46bd996d5a6"
            },
            "dist": {
                "type": "zip",
                "url": "https://api.github.com/repos/symfony/yaml/zipball/34d29c2acd1ad65688f58452fd48a46bd996d5a6",
                "reference": "34d29c2acd1ad65688f58452fd48a46bd996d5a6",
                "shasum": "",
                "mirrors": [
                    {
                        "url": "https://mirrors.aliyun.com/composer/dists/%package%/%reference%.%type%",
                        "preferred": true
                    }
                ]
            },
            "require": {
                "php": "^7.1.3",
                "symfony/polyfill-ctype": "~1.8"
            },
            "conflict": {
                "symfony/console": "<3.4"
            },
            "require-dev": {
                "symfony/console": "~3.4|~4.0"
            },
            "suggest": {
                "symfony/console": "For validating YAML files using the lint command"
            },
            "type": "library",
            "extra": {
                "branch-alias": {
                    "dev-master": "4.3-dev"
                }
            },
            "autoload": {
                "psr-4": {
                    "Symfony\\Component\\Yaml\\": ""
                },
                "exclude-from-classmap": [
                    "/Tests/"
                ]
            },
            "notification-url": "https://packagist.org/downloads/",
            "license": [
                "MIT"
            ],
            "authors": [
                {
                    "name": "Fabien Potencier",
                    "email": "fabien@symfony.com"
                },
                {
                    "name": "Symfony Community",
                    "homepage": "https://symfony.com/contributors"
                }
            ],
            "description": "Symfony Yaml Component",
            "homepage": "https://symfony.com",
            "time": "2019-07-24T14:47:54+00:00"
        }
    ],
    "packages-dev": [],
    "aliases": [],
    "minimum-stability": "stable",
    "stability-flags": [],
    "prefer-stable": false,
    "prefer-lowest": false,
    "platform": [],
    "platform-dev": []
}
