{
    "_readme": [
        "This file locks the dependencies of your project to a known state",
        "Read more about it at https://getcomposer.org/doc/01-basic-usage.md#composer-lock-the-lock-file",
        "This file is @generated automatically"
    ],
    "hash": "824a66b05614955b6ae1afc53376decf",
    "content-hash": "d4128360e78fb847dccbba6529832527",
    "packages": [
        {
            "name": "league/commonmark",
            "version": "0.18.5",
            "source": {
                "type": "git",
                "url": "https://github.com/thephpleague/commonmark.git",
                "reference": "f94e18d68260f43a7d846279cad88405854b1306"
            },
            "dist": {
                "type": "zip",
                "url": "https://api.github.com/repos/thephpleague/commonmark/zipball/f94e18d68260f43a7d846279cad88405854b1306",
                "reference": "f94e18d68260f43a7d846279cad88405854b1306",
                "shasum": ""
            },
            "require": {
                "ext-mbstring": "*",
                "php": ">=5.6.5"
            },
            "replace": {
                "colinodell/commonmark-php": "*"
            },
            "require-dev": {
                "cebe/markdown": "~1.0",
                "commonmark/commonmark.js": "0.28",
                "erusev/parsedown": "~1.0",
                "michelf/php-markdown": "~1.4",
                "mikehaertl/php-shellcommand": "^1.2",
                "phpunit/phpunit": "^5.7.27|^6.5.14",
                "scrutinizer/ocular": "^1.1",
                "symfony/finder": "^3.0|^4.0"
            },
            "suggest": {
                "league/commonmark-extras": "Library of useful extensions including smart punctuation"
            },
            "bin": [
                "bin/commonmark"
            ],
            "type": "library",
            "extra": {
                "branch-alias": {
                    "dev-master": "0.19-dev"
                }
            },
            "autoload": {
                "psr-4": {
                    "League\\CommonMark\\": "src/"
                }
            },
            "notification-url": "https://packagist.org/downloads/",
            "license": [
                "BSD-3-Clause"
            ],
            "authors": [
                {
                    "name": "Colin O'Dell",
                    "email": "colinodell@gmail.com",
                    "homepage": "https://www.colinodell.com",
                    "role": "Lead Developer"
                }
            ],
            "description": "PHP Markdown parser based on the CommonMark spec",
            "homepage": "https://github.com/thephpleague/commonmark",
            "keywords": [
                "commonmark",
                "markdown",
                "parser"
            ],
            "time": "2019-03-28 13:52:31"
        },
        {
            "name": "league/commonmark-ext-autolink",
            "version": "v0.2.1",
            "source": {
                "type": "git",
                "url": "https://github.com/thephpleague/commonmark-ext-autolink.git",
                "reference": "66ba8a93a899627ac7c1f54c0d191b3dbe309970"
            },
            "dist": {
                "type": "zip",
                "url": "https://api.github.com/repos/thephpleague/commonmark-ext-autolink/zipball/66ba8a93a899627ac7c1f54c0d191b3dbe309970",
                "reference": "66ba8a93a899627ac7c1f54c0d191b3dbe309970",
                "shasum": ""
            },
            "require": {
                "league/commonmark": "^0.18.5",
                "php": "^5.6||^7.0"
            },
            "require-dev": {
                "phpunit/phpunit": "^5.7.27"
            },
            "type": "commonmark-extension",
            "extra": {
                "branch-alias": {
                    "dev-master": "0.3-dev"
                }
            },
            "autoload": {
                "psr-4": {
                    "League\\CommonMark\\Ext\\Autolink\\": "src"
                }
            },
            "notification-url": "https://packagist.org/downloads/",
            "license": [
                "BSD-3-Clause"
            ],
            "authors": [
                {
                    "name": "Colin O'Dell",
                    "email": "colinodell@gmail.com",
                    "homepage": "https://www.colinodell.com",
                    "role": "Lead Developer"
                }
            ],
            "description": "Extension for league/commonmark which autolinks URLs, emails, and @-mentions",
            "homepage": "https://github.com/thephpleague/commonmark-ext-autolink",
            "keywords": [
                "autolink",
                "commonmark",
                "extension",
                "gfm",
                "github",
                "markdown",
                "twitter"
            ],
            "time": "2019-03-28 14:03:05"
        },
        {
            "name": "league/commonmark-ext-smartpunct",
            "version": "v0.1.0",
            "source": {
                "type": "git",
                "url": "https://github.com/thephpleague/commonmark-ext-smartpunct.git",
                "reference": "c1dc244a821a4901565e9f10545f0ab309391ac3"
            },
            "dist": {
                "type": "zip",
                "url": "https://api.github.com/repos/thephpleague/commonmark-ext-smartpunct/zipball/c1dc244a821a4901565e9f10545f0ab309391ac3",
                "reference": "c1dc244a821a4901565e9f10545f0ab309391ac3",
                "shasum": ""
            },
            "require": {
                "league/commonmark": "^0.13|^0.14|^0.15|^0.16|^0.17|^0.18",
                "php": ">=5.6"
            },
            "require-dev": {
                "jgm/smartpunct": "0.28",
                "phpunit/phpunit": "^5.7"
            },
            "type": "commonmark-extension",
            "extra": {
                "branch-alias": {
                    "dev-master": "0.2-dev"
                }
            },
            "autoload": {
                "psr-4": {
                    "League\\CommonMark\\Ext\\SmartPunct\\": "src"
                }
            },
            "notification-url": "https://packagist.org/downloads/",
            "license": [
                "BSD-3-Clause"
            ],
            "authors": [
                {
                    "name": "Colin O'Dell",
                    "email": "colinodell@gmail.com",
                    "homepage": "https://www.colinodell.com",
                    "role": "Lead Developer"
                }
            ],
            "description": "Intelligently converts ASCII quotes, dashes, and ellipses in Markdown to their Unicode equivalents",
            "homepage": "https://github.com/thephpleague/commonmark-ext-smartpunct",
            "keywords": [
                "commonmark",
                "extension",
                "markdown",
                "punctuation",
                "smartpunct"
            ],
            "time": "2019-03-11 14:14:46"
        },
        {
            "name": "league/commonmark-extras",
            "version": "0.2.1",
            "source": {
                "type": "git",
                "url": "https://github.com/thephpleague/commonmark-extras.git",
                "reference": "c469584af81b422241368897cc6eeef6b0d20bbf"
            },
            "dist": {
                "type": "zip",
                "url": "https://api.github.com/repos/thephpleague/commonmark-extras/zipball/c469584af81b422241368897cc6eeef6b0d20bbf",
                "reference": "c469584af81b422241368897cc6eeef6b0d20bbf",
                "shasum": ""
            },
            "require": {
                "league/commonmark": "^0.18.1",
                "league/commonmark-ext-autolink": "^0.1||^0.2",
                "league/commonmark-ext-smartpunct": "^0.1",
                "php": ">=5.6"
            },
            "require-dev": {
                "phpunit/phpunit": "^5.7"
            },
            "type": "commonmark-extension",
            "extra": {
                "branch-alias": {
                    "dev-master": "0.3-dev"
                }
            },
            "autoload": {
                "psr-4": {
                    "League\\CommonMark\\Extras\\": "src"
                }
            },
            "notification-url": "https://packagist.org/downloads/",
            "license": [
                "BSD-3-Clause"
            ],
            "authors": [
                {
                    "name": "Colin O'Dell",
                    "email": "colinodell@gmail.com",
                    "homepage": "https://www.colinodell.com",
                    "role": "Lead Developer"
                }
            ],
            "description": "Useful extensions for customizing the league/commonmark Markdown parser",
            "homepage": "https://github.com/thephpleague/commonmark-extras",
            "keywords": [
                "Extras",
                "commonmark",
                "extensions",
                "gfm",
                "markdown"
            ],
            "time": "2019-03-17 03:25:10"
        },
        {
            "name": "symfony/polyfill-ctype",
            "version": "v1.11.0",
            "source": {
                "type": "git",
                "url": "https://github.com/symfony/polyfill-ctype.git",
                "reference": "82ebae02209c21113908c229e9883c419720738a"
            },
            "dist": {
                "type": "zip",
                "url": "https://api.github.com/repos/symfony/polyfill-ctype/zipball/82ebae02209c21113908c229e9883c419720738a",
                "reference": "82ebae02209c21113908c229e9883c419720738a",
                "shasum": ""
            },
            "require": {
                "php": ">=5.3.3"
            },
            "suggest": {
                "ext-ctype": "For best performance"
            },
            "type": "library",
            "extra": {
                "branch-alias": {
                    "dev-master": "1.11-dev"
                }
            },
            "autoload": {
                "psr-4": {
                    "Symfony\\Polyfill\\Ctype\\": ""
                },
                "files": [
                    "bootstrap.php"
                ]
            },
            "notification-url": "https://packagist.org/downloads/",
            "license": [
                "MIT"
            ],
            "authors": [
                {
                    "name": "Symfony Community",
                    "homepage": "https://symfony.com/contributors"
                },
                {
                    "name": "Gert de Pagter",
                    "email": "BackEndTea@gmail.com"
                }
            ],
            "description": "Symfony polyfill for ctype functions",
            "homepage": "https://symfony.com",
            "keywords": [
                "compatibility",
                "ctype",
                "polyfill",
                "portable"
            ],
            "time": "2019-02-06 07:57:58"
        },
        {
            "name": "symfony/yaml",
            "version": "v3.4.26",
            "source": {
                "type": "git",
                "url": "https://github.com/symfony/yaml.git",
                "reference": "212a27b731e5bfb735679d1ffaac82bd6a1dc996"
            },
            "dist": {
                "type": "zip",
                "url": "https://api.github.com/repos/symfony/yaml/zipball/212a27b731e5bfb735679d1ffaac82bd6a1dc996",
                "reference": "212a27b731e5bfb735679d1ffaac82bd6a1dc996",
                "shasum": ""
            },
            "require": {
                "php": "^5.5.9|>=7.0.8",
                "symfony/polyfill-ctype": "~1.8"
            },
            "conflict": {
                "symfony/console": "<3.4"
            },
            "require-dev": {
                "symfony/console": "~3.4|~4.0"
            },
            "suggest": {
                "symfony/console": "For validating YAML files using the lint command"
            },
            "type": "library",
            "extra": {
                "branch-alias": {
                    "dev-master": "3.4-dev"
                }
            },
            "autoload": {
                "psr-4": {
                    "Symfony\\Component\\Yaml\\": ""
                },
                "exclude-from-classmap": [
                    "/Tests/"
                ]
            },
            "notification-url": "https://packagist.org/downloads/",
            "license": [
                "MIT"
            ],
            "authors": [
                {
                    "name": "Fabien Potencier",
                    "email": "fabien@symfony.com"
                },
                {
                    "name": "Symfony Community",
                    "homepage": "https://symfony.com/contributors"
                }
            ],
            "description": "Symfony Yaml Component",
            "homepage": "https://symfony.com",
            "time": "2019-03-25 07:48:46"
        },
        {
            "name": "webuni/commonmark-table-extension",
            "version": "0.9.0",
            "source": {
                "type": "git",
                "url": "https://github.com/webuni/commonmark-table-extension.git",
                "reference": "94bc98d802d0b706e748716854e5fa0bd3644df3"
            },
            "dist": {
                "type": "zip",
                "url": "https://api.github.com/repos/webuni/commonmark-table-extension/zipball/94bc98d802d0b706e748716854e5fa0bd3644df3",
                "reference": "94bc98d802d0b706e748716854e5fa0bd3644df3",
                "shasum": ""
            },
            "require": {
                "league/commonmark": "^0.16|^0.17|^0.18",
                "php": "^5.6|^7.0"
            },
            "require-dev": {
                "friendsofphp/php-cs-fixer": "^2.9",
                "phpunit/phpunit": "^5.4|^6.0",
                "symfony/var-dumper": "^3.0|^4.0",
                "vimeo/psalm": "~0.3"
            },
            "type": "library",
            "extra": {
                "branch-alias": {
                    "dev-master": "0.9-dev"
                }
            },
            "autoload": {
                "psr-4": {
                    "Webuni\\CommonMark\\TableExtension\\": "src"
                }
            },
            "notification-url": "https://packagist.org/downloads/",
            "license": [
                "MIT"
            ],
            "authors": [
                {
                    "name": "Martin Hasoň",
                    "email": "martin.hason@gmail.com"
                },
                {
                    "name": "Webuni s.r.o.",
                    "homepage": "https://www.webuni.cz"
                }
            ],
            "description": "The table extension for CommonMark PHP implementation",
            "homepage": "https://github.com/webuni/commonmark-table-extension",
            "keywords": [
                "commonmark",
                "markdown",
                "table"
            ],
            "time": "2018-11-28 11:29:11"
        }
    ],
    "packages-dev": [],
    "aliases": [],
    "minimum-stability": "stable",
    "stability-flags": [],
    "prefer-stable": false,
    "prefer-lowest": false,
    "platform": [],
    "platform-dev": []
}
